{
  "name": "codeartifactpackagedownloadtest",
  "version": "1.0.0",
  "lockfileVersion": 2,
  "requires": true,
  "packages": {
    "": {
      "name": "codeartifactpackagedownloadtest",
      "version": "1.0.0",
      "hasInstallScript": true,
      "license": "ISC",
      "dependencies": {
        "@gm-codeartifact/codeartifact": "^1.0.0"
      }
    },
    "node_modules/@gm-codeartifact/codeartifact": {
      "version": "1.0.0",
      "resolved": "https://glebs-codeartifact-875231104655.d.codeartifact.us-east-1.amazonaws.com:443/npm/test-repo/@gm-codeartifact/codeartifact/-/codeartifact-1.0.0.tgz",
      "integrity": "sha512-+qJDOoSeqc4Pu7AeUexUeJ8mLMKhoMrjvP3LqWFQpI7VSkqn6RsHNbR17q3s+iW7UCaKB7vduRWCqG4kbbSpcg=="
    }
  },
  "dependencies": {
    "@gm-codeartifact/codeartifact": {
      "version": "1.0.0",
      "resolved": "https://glebs-codeartifact-875231104655.d.codeartifact.us-east-1.amazonaws.com:443/npm/test-repo/@gm-codeartifact/codeartifact/-/codeartifact-1.0.0.tgz",
      "integrity": "sha512-+qJDOoSeqc4Pu7AeUexUeJ8mLMKhoMrjvP3LqWFQpI7VSkqn6RsHNbR17q3s+iW7UCaKB7vduRWCqG4kbbSpcg=="
    }
  }
}
